
Microsoft Visual Studio Solution File, Format Version 12.00
# Visual Studio Version 17
VisualStudioVersion = 17.5.002.0
MinimumVisualStudioVersion = 10.0.40219.1
Project("{2150E333-8FDC-42A3-9474-1A3956D46DE8}") = "programming_languages", "programming_languages", "{C926FB2D-9299-4063-8410-C68C7CC5551C}"
EndProject
Project("{2150E333-8FDC-42A3-9474-1A3956D46DE8}") = "learning-c#", "learning-c#", "{AB2CEE89-8DEB-4726-8AAC-B97D59CF5215}"
EndProject
Project("{9A19103F-16F7-4668-BE54-9A1E7A4F7556}") = "ConsoleApp1", "programming_languages\learning-c#\ConsoleApp1\ConsoleApp1.csproj", "{4B75A936-E1CF-4C87-A9FD-E08213ACDC1A}"
EndProject
Project("{9A19103F-16F7-4668-BE54-9A1E7A4F7556}") = "app", "programming_languages\learning-c#\app\app.csproj", "{7EAFAAF7-EB99-4D2F-9FA8-2563E455300C}"
EndProject
Global
	GlobalSection(SolutionConfigurationPlatforms) = preSolution
		Debug|Any CPU = Debug|Any CPU
		Release|Any CPU = Release|Any CPU
	EndGlobalSection
	GlobalSection(ProjectConfigurationPlatforms) = postSolution
		{4B75A936-E1CF-4C87-A9FD-E08213ACDC1A}.Debug|Any CPU.ActiveCfg = Debug|Any CPU
		{4B75A936-E1CF-4C87-A9FD-E08213ACDC1A}.Debug|Any CPU.Build.0 = Debug|Any CPU
		{4B75A936-E1CF-4C87-A9FD-E08213ACDC1A}.Release|Any CPU.ActiveCfg = Release|Any CPU
		{4B75A936-E1CF-4C87-A9FD-E08213ACDC1A}.Release|Any CPU.Build.0 = Release|Any CPU
		{7EAFAAF7-EB99-4D2F-9FA8-2563E455300C}.Debug|Any CPU.ActiveCfg = Debug|Any CPU
		{7EAFAAF7-EB99-4D2F-9FA8-2563E455300C}.Debug|Any CPU.Build.0 = Debug|Any CPU
		{7EAFAAF7-EB99-4D2F-9FA8-2563E455300C}.Release|Any CPU.ActiveCfg = Release|Any CPU
		{7EAFAAF7-EB99-4D2F-9FA8-2563E455300C}.Release|Any CPU.Build.0 = Release|Any CPU
	EndGlobalSection
	GlobalSection(SolutionProperties) = preSolution
		HideSolutionNode = FALSE
	EndGlobalSection
	GlobalSection(NestedProjects) = preSolution
		{AB2CEE89-8DEB-4726-8AAC-B97D59CF5215} = {C926FB2D-9299-4063-8410-C68C7CC5551C}
		{4B75A936-E1CF-4C87-A9FD-E08213ACDC1A} = {AB2CEE89-8DEB-4726-8AAC-B97D59CF5215}
		{7EAFAAF7-EB99-4D2F-9FA8-2563E455300C} = {AB2CEE89-8DEB-4726-8AAC-B97D59CF5215}
	EndGlobalSection
	GlobalSection(ExtensibilityGlobals) = postSolution
		SolutionGuid = {798E6C9E-949C-411F-A99A-60D592BE3DE4}
	EndGlobalSection
EndGlobal
